
Microsoft Visual Studio Solution File, Format Version 12.00
# Visual Studio Version 16
VisualStudioVersion = 16.0.30717.126
MinimumVisualStudioVersion = 10.0.40219.1
Project("{8BC9CEB8-8B4A-11D0-8D11-00A0C91BC942}") = "GOXLR_Sleeper", "GOXLR_Sleeper\GOXLR_Sleeper.vcxproj", "{752FEC66-5C0A-4B11-A0C3-DF88A36C639B}"
EndProject
Global
	GlobalSection(SolutionConfigurationPlatforms) = preSolution
		Debug|x64 = Debug|x64
		Debug|x86 = Debug|x86
		Release|x64 = Release|x64
		Release|x86 = Release|x86
	EndGlobalSection
	GlobalSection(ProjectConfigurationPlatforms) = postSolution
		{752FEC66-5C0A-4B11-A0C3-DF88A36C639B}.Debug|x64.ActiveCfg = Debug|x64
		{752FEC66-5C0A-4B11-A0C3-DF88A36C639B}.Debug|x64.Build.0 = Debug|x64
		{752FEC66-5C0A-4B11-A0C3-DF88A36C639B}.Debug|x86.ActiveCfg = Debug|Win32
		{752FEC66-5C0A-4B11-A0C3-DF88A36C639B}.Debug|x86.Build.0 = Debug|Win32
		{752FEC66-5C0A-4B11-A0C3-DF88A36C639B}.Release|x64.ActiveCfg = Release|x64
		{752FEC66-5C0A-4B11-A0C3-DF88A36C639B}.Release|x64.Build.0 = Release|x64
		{752FEC66-5C0A-4B11-A0C3-DF88A36C639B}.Release|x86.ActiveCfg = Release|Win32
		{752FEC66-5C0A-4B11-A0C3-DF88A36C639B}.Release|x86.Build.0 = Release|Win32
	EndGlobalSection
	GlobalSection(SolutionProperties) = preSolution
		HideSolutionNode = FALSE
	EndGlobalSection
	GlobalSection(ExtensibilityGlobals) = postSolution
		SolutionGuid = {81269876-6664-4E19-B269-67C3EA9AADA0}
	EndGlobalSection
EndGlobal
